
Microsoft Visual Studio Solution File, Format Version 12.00
# Visual Studio Version 17
VisualStudioVersion = 17.10.35201.131
MinimumVisualStudioVersion = 10.0.40219.1
Project("{FAE04EC0-301F-11D3-BF4B-00C04F79EFBC}") = "API_XuongMay", "API_XuongMay\API_XuongMay.csproj", "{1C5519BA-7A16-4245-AE9A-43195F753CBA}"
EndProject
Global
	GlobalSection(SolutionConfigurationPlatforms) = preSolution
		Debug|Any CPU = Debug|Any CPU
		Release|Any CPU = Release|Any CPU
	EndGlobalSection
	GlobalSection(ProjectConfigurationPlatforms) = postSolution
		{1C5519BA-7A16-4245-AE9A-43195F753CBA}.Debug|Any CPU.ActiveCfg = Debug|Any CPU
		{1C5519BA-7A16-4245-AE9A-43195F753CBA}.Debug|Any CPU.Build.0 = Debug|Any CPU
		{1C5519BA-7A16-4245-AE9A-43195F753CBA}.Release|Any CPU.ActiveCfg = Release|Any CPU
		{1C5519BA-7A16-4245-AE9A-43195F753CBA}.Release|Any CPU.Build.0 = Release|Any CPU
	EndGlobalSection
	GlobalSection(SolutionProperties) = preSolution
		HideSolutionNode = FALSE
	EndGlobalSection
	GlobalSection(ExtensibilityGlobals) = postSolution
		SolutionGuid = {04E303BE-EB42-4D3C-8BBC-313875D478E5}
	EndGlobalSection
EndGlobal
